
Microsoft Visual Studio Solution File, Format Version 12.00
# Visual Studio Version 17
VisualStudioVersion = 17.0.31903.59
MinimumVisualStudioVersion = 10.0.40219.1
Project("{FAE04EC0-301F-11D3-BF4B-00C04F79EFBC}") = "Recipe.Web", "Recipe.Web\Recipe.Web.csproj", "{97FD19D3-DF39-48A2-85A6-70857AC1BCD3}"
EndProject
Project("{FAE04EC0-301F-11D3-BF4B-00C04F79EFBC}") = "Recipe.Data", "Recipe.Data\Recipe.Data.csproj", "{20ACCB69-563B-4F70-85AD-513DB1AA7A02}"
EndProject
Global
	GlobalSection(SolutionConfigurationPlatforms) = preSolution
		Debug|Any CPU = Debug|Any CPU
		Release|Any CPU = Release|Any CPU
	EndGlobalSection
	GlobalSection(SolutionProperties) = preSolution
		HideSolutionNode = FALSE
	EndGlobalSection
	GlobalSection(ProjectConfigurationPlatforms) = postSolution
		{97FD19D3-DF39-48A2-85A6-70857AC1BCD3}.Debug|Any CPU.ActiveCfg = Debug|Any CPU
		{97FD19D3-DF39-48A2-85A6-70857AC1BCD3}.Debug|Any CPU.Build.0 = Debug|Any CPU
		{97FD19D3-DF39-48A2-85A6-70857AC1BCD3}.Release|Any CPU.ActiveCfg = Release|Any CPU
		{97FD19D3-DF39-48A2-85A6-70857AC1BCD3}.Release|Any CPU.Build.0 = Release|Any CPU
		{20ACCB69-563B-4F70-85AD-513DB1AA7A02}.Debug|Any CPU.ActiveCfg = Debug|Any CPU
		{20ACCB69-563B-4F70-85AD-513DB1AA7A02}.Debug|Any CPU.Build.0 = Debug|Any CPU
		{20ACCB69-563B-4F70-85AD-513DB1AA7A02}.Release|Any CPU.ActiveCfg = Release|Any CPU
		{20ACCB69-563B-4F70-85AD-513DB1AA7A02}.Release|Any CPU.Build.0 = Release|Any CPU
	EndGlobalSection
EndGlobal
